{
    "_meta": {
        "hash": {
            "sha256": "a6295b9207b6ee0fca51e349f7c5cd5a93afdae1ed3c125f3c7079f33dbb3e4e"
        },
        "pipfile-spec": 6,
        "requires": {},
        "sources": [
            {
                "name": "pypi",
                "url": "https://pypi.org/simple",
                "verify_ssl": true
            }
        ]
    },
    "default": {
        "certifi": {
            "hashes": [
                "sha256:47f9c83ef4c0c621eaef743f133f09fa8a74a9b75f037e8624f83bd1b6626cb7",
                "sha256:993f830721089fef441cdfeb4b2c8c9df86f0c63239f06bd025a76a7daddb033"
            ],
            "version": "==2018.11.29"
        },
        "chardet": {
            "hashes": [
                "sha256:84ab92ed1c4d4f16916e05906b6b75a6c0fb5db821cc65e70cbd64a3e2a5eaae",
                "sha256:fc323ffcaeaed0e0a02bf4d117757b98aed530d9ed4531e3e15460124c106691"
            ],
            "version": "==3.0.4"
        },
        "idna": {
            "hashes": [
                "sha256:c357b3f628cf53ae2c4c05627ecc484553142ca23264e593d327bcde5e9c3407",
                "sha256:ea8b7f6188e6fa117537c3df7da9fc686d485087abf6ac197f9c46432f7e4a3c"
            ],
            "markers": "python_version != '3.3.*' and python_version != '3.2.*' and python_version != '3.0.*' and python_version >= '2.7' and python_version != '3.1.*'",
            "version": "==2.8"
        },
        "mwclient": {
            "hashes": [
                "sha256:105123ec13a9519453612edf6f2d055b6b0f15ea6c457ea2c0c53af1951e3fd3",
                "sha256:6d483ec156d90b7defa742685210bea61f7f65e6a01f8a189650f6c04f4c9115"
            ],
            "index": "pypi",
            "version": "==0.9.3"
        },
        "oauthlib": {
            "hashes": [
                "sha256:0ce32c5d989a1827e3f1148f98b9085ed2370fc939bf524c9c851d8714797298",
                "sha256:3e1e14f6cde7e5475128d30e97edc3bfb4dc857cb884d8714ec161fdbb3b358e"
            ],
            "markers": "python_version != '3.2.*' and python_version != '3.1.*' and python_version != '3.3.*' and python_version != '3.0.*' and python_version >= '2.7'",
            "version": "==3.0.1"
        },
        "requests": {
            "hashes": [
                "sha256:502a824f31acdacb3a35b6690b5fbf0bc41d63a24a45c4004352b0242707598e",
                "sha256:7bf2a778576d825600030a110f3c0e3e8edc51dfaafe1c146e39a2027784957b"
            ],
            "markers": "python_version < '4' and python_version != '3.3.*' and python_version != '3.2.*' and python_version != '3.0.*' and python_version >= '2.7' and python_version != '3.1.*'",
            "version": "==2.21.0"
        },
        "requests-oauthlib": {
            "hashes": [
                "sha256:bd6533330e8748e94bf0b214775fed487d309b8b8fe823dc45641ebcd9a32f57",
                "sha256:d3ed0c8f2e3bbc6b344fa63d6f933745ab394469da38db16bdddb461c7e25140"
            ],
            "version": "==1.2.0"
        },
        "six": {
            "hashes": [
                "sha256:3350809f0555b11f552448330d0b52d5f24c91a322ea4a15ef22629740f3761c",
                "sha256:d16a0141ec1a18405cd4ce8b4613101da75da0e9a7aec5bdd4fa804d0e0eba73"
            ],
            "markers": "python_version >= '2.6' and python_version != '3.0.*' and python_version != '3.1.*'",
            "version": "==1.12.0"
        },
        "twython": {
            "hashes": [
                "sha256:24ae29b4dd8d69df81707eb5fb7a1babd6689a3d69cd618f0647997d6179d338"
            ],
            "index": "pypi",
            "version": "==3.7.0"
        },
        "urllib3": {
            "hashes": [
                "sha256:61bf29cada3fc2fbefad4fdf059ea4bd1b4a86d2b6d15e1c7c0b582b9752fe39",
                "sha256:de9529817c93f27c8ccbfead6985011db27bd0ddfcdb2d86f3f663385c6a9c22"
            ],
            "markers": "python_version != '3.0.*' and python_version >= '2.7' and python_version != '3.2.*' and python_version != '3.3.*' and python_version < '4' and python_version != '3.1.*'",
            "version": "==1.24.1"
        }
    },
    "develop": {}
}
